
Microsoft Visual Studio Solution File, Format Version 12.00
# Visual Studio 14
VisualStudioVersion = 14.0.25420.1
MinimumVisualStudioVersion = 10.0.40219.1
Project("{FAE04EC0-301F-11D3-BF4B-00C04F79EFBC}") = "02.01.FillTheMatrix", "FillTheMatrix\02.01.FillTheMatrix.csproj", "{FBD443C6-4AB2-4CE6-AE1B-5192A7C8B972}"
EndProject
Project("{FAE04EC0-301F-11D3-BF4B-00C04F79EFBC}") = "02.02.MaximalSum", "MaximalSum\02.02.MaximalSum.csproj", "{4DB78F37-35B1-4725-A092-ECC18196C7F0}"
EndProject
Project("{FAE04EC0-301F-11D3-BF4B-00C04F79EFBC}") = "02.03.SequenceInMatrix", "SequenceInMatrix\02.03.SequenceInMatrix.csproj", "{C86A17C8-FB68-4218-8B5D-38E17ACF9C9A}"
EndProject
Project("{FAE04EC0-301F-11D3-BF4B-00C04F79EFBC}") = "02.04.LargestAreaInMatrix", "LargestAreaInMatrix\02.04.LargestAreaInMatrix.csproj", "{3C13C002-14DE-4076-8F14-691BCC71B084}"
EndProject
Project("{FAE04EC0-301F-11D3-BF4B-00C04F79EFBC}") = "03.01.SayHello", "SayHello\03.01.SayHello.csproj", "{9358BA91-B376-43E4-A01F-9ED61E3454EC}"
EndProject
Project("{FAE04EC0-301F-11D3-BF4B-00C04F79EFBC}") = "03.02.GetLargestNumber", "GetLargestNumber\03.02.GetLargestNumber.csproj", "{522DA665-96C4-49B3-B3B0-82F5D6856371}"
EndProject
Project("{FAE04EC0-301F-11D3-BF4B-00C04F79EFBC}") = "03.03.EnglishDigit", "EnglishDigit\03.03.EnglishDigit.csproj", "{A65BEE44-674F-4C11-952A-B9E5EA9862BD}"
EndProject
Project("{FAE04EC0-301F-11D3-BF4B-00C04F79EFBC}") = "03.04.AppearanceCount", "AppearanceCount\03.04.AppearanceCount.csproj", "{6DDF420A-C129-4FD9-BA52-EDCEFEFEF56E}"
EndProject
Project("{FAE04EC0-301F-11D3-BF4B-00C04F79EFBC}") = "03.05.LargerThanNeighbours", "LargerThanNeighbours\03.05.LargerThanNeighbours.csproj", "{1E3234E5-71DC-4A6A-B2CA-3A345E50884B}"
EndProject
Project("{FAE04EC0-301F-11D3-BF4B-00C04F79EFBC}") = "03.06.FirstLarger", "FirstLarger\03.06.FirstLarger.csproj", "{B9A27FD0-CD9E-42BC-872A-903A7FA5A4F8}"
EndProject
Project("{FAE04EC0-301F-11D3-BF4B-00C04F79EFBC}") = "03.07.ReverseNumber", "ReverseNumber\03.07.ReverseNumber.csproj", "{37EA9BCB-C445-4EC5-9867-1D57B0CB587E}"
EndProject
Project("{FAE04EC0-301F-11D3-BF4B-00C04F79EFBC}") = "03.08.NumberAsArray", "NumberAsArray\03.08.NumberAsArray.csproj", "{C0DCA926-3532-4B10-A2EA-6F1D25503451}"
EndProject
Project("{FAE04EC0-301F-11D3-BF4B-00C04F79EFBC}") = "03.09.SortingArray", "SortingArray\03.09.SortingArray.csproj", "{64F03C19-1B74-42BD-80EA-08C38E20BAFB}"
EndProject
Project("{FAE04EC0-301F-11D3-BF4B-00C04F79EFBC}") = "03.10.NFactorial", "NFactorial\03.10.NFactorial.csproj", "{C8DD0B2F-06A1-4BAA-8B5A-537E9B6B935F}"
EndProject
Project("{FAE04EC0-301F-11D3-BF4B-00C04F79EFBC}") = "03.12.IntegerCalculations", "IntegerCalculations\03.12.IntegerCalculations.csproj", "{DE4A54EA-511D-4D82-9031-078B8D959535}"
EndProject
Project("{FAE04EC0-301F-11D3-BF4B-00C04F79EFBC}") = "04.01.DecimalToBinary", "DecimalToBinary\04.01.DecimalToBinary.csproj", "{7819843F-357C-45EE-984E-7116CA175016}"
EndProject
Project("{FAE04EC0-301F-11D3-BF4B-00C04F79EFBC}") = "04.02.BinaryToDecimal", "BinaryToDecimal\04.02.BinaryToDecimal.csproj", "{205360DB-B57B-45C1-9654-1954F4153A13}"
EndProject
Project("{FAE04EC0-301F-11D3-BF4B-00C04F79EFBC}") = "04.03.DecimalToHexadecimal", "DecimalToHexadecimal\04.03.DecimalToHexadecimal.csproj", "{20204A07-C96F-479C-B51B-17C0C21ED573}"
EndProject
Project("{FAE04EC0-301F-11D3-BF4B-00C04F79EFBC}") = "04.04.HexadecimalToDecimal", "HexadecimalToDecimal\04.04.HexadecimalToDecimal.csproj", "{40CBC9F7-C847-4A3A-BDCA-A41F21D06D24}"
EndProject
Project("{FAE04EC0-301F-11D3-BF4B-00C04F79EFBC}") = "04.05.HexadecimalToBinary", "HexadecimalToBinary\04.05.HexadecimalToBinary.csproj", "{C96BC17F-D266-4506-A692-C70A977B49DE}"
EndProject
Project("{FAE04EC0-301F-11D3-BF4B-00C04F79EFBC}") = "04.06.BinaryToHexadecimal", "BinaryToHexadecimal\04.06.BinaryToHexadecimal.csproj", "{42864804-8441-4750-A8B0-833C4425EC33}"
EndProject
Project("{FAE04EC0-301F-11D3-BF4B-00C04F79EFBC}") = "04.07.OneSystemToAnyOther", "OneSystemToAnyOther\04.07.OneSystemToAnyOther.csproj", "{8A9D8ADA-9D16-4E73-A94A-E25EA99C457A}"
EndProject
Project("{FAE04EC0-301F-11D3-BF4B-00C04F79EFBC}") = "04.08.BinaryShort", "BinaryShort\04.08.BinaryShort.csproj", "{986D15E8-B855-4FB9-9984-B450ABE63D2C}"
EndProject
Project("{FAE04EC0-301F-11D3-BF4B-00C04F79EFBC}") = "05.01.LeapYear", "LeapYear\05.01.LeapYear.csproj", "{8C2029B3-6FE4-45D1-A56B-3C3FC895C437}"
EndProject
Global
	GlobalSection(SolutionConfigurationPlatforms) = preSolution
		Debug|Any CPU = Debug|Any CPU
		Release|Any CPU = Release|Any CPU
	EndGlobalSection
	GlobalSection(ProjectConfigurationPlatforms) = postSolution
		{FBD443C6-4AB2-4CE6-AE1B-5192A7C8B972}.Debug|Any CPU.ActiveCfg = Debug|Any CPU
		{FBD443C6-4AB2-4CE6-AE1B-5192A7C8B972}.Debug|Any CPU.Build.0 = Debug|Any CPU
		{FBD443C6-4AB2-4CE6-AE1B-5192A7C8B972}.Release|Any CPU.ActiveCfg = Release|Any CPU
		{FBD443C6-4AB2-4CE6-AE1B-5192A7C8B972}.Release|Any CPU.Build.0 = Release|Any CPU
		{4DB78F37-35B1-4725-A092-ECC18196C7F0}.Debug|Any CPU.ActiveCfg = Debug|Any CPU
		{4DB78F37-35B1-4725-A092-ECC18196C7F0}.Debug|Any CPU.Build.0 = Debug|Any CPU
		{4DB78F37-35B1-4725-A092-ECC18196C7F0}.Release|Any CPU.ActiveCfg = Release|Any CPU
		{4DB78F37-35B1-4725-A092-ECC18196C7F0}.Release|Any CPU.Build.0 = Release|Any CPU
		{C86A17C8-FB68-4218-8B5D-38E17ACF9C9A}.Debug|Any CPU.ActiveCfg = Debug|Any CPU
		{C86A17C8-FB68-4218-8B5D-38E17ACF9C9A}.Debug|Any CPU.Build.0 = Debug|Any CPU
		{C86A17C8-FB68-4218-8B5D-38E17ACF9C9A}.Release|Any CPU.ActiveCfg = Release|Any CPU
		{C86A17C8-FB68-4218-8B5D-38E17ACF9C9A}.Release|Any CPU.Build.0 = Release|Any CPU
		{3C13C002-14DE-4076-8F14-691BCC71B084}.Debug|Any CPU.ActiveCfg = Debug|Any CPU
		{3C13C002-14DE-4076-8F14-691BCC71B084}.Debug|Any CPU.Build.0 = Debug|Any CPU
		{3C13C002-14DE-4076-8F14-691BCC71B084}.Release|Any CPU.ActiveCfg = Release|Any CPU
		{3C13C002-14DE-4076-8F14-691BCC71B084}.Release|Any CPU.Build.0 = Release|Any CPU
		{9358BA91-B376-43E4-A01F-9ED61E3454EC}.Debug|Any CPU.ActiveCfg = Debug|Any CPU
		{9358BA91-B376-43E4-A01F-9ED61E3454EC}.Debug|Any CPU.Build.0 = Debug|Any CPU
		{9358BA91-B376-43E4-A01F-9ED61E3454EC}.Release|Any CPU.ActiveCfg = Release|Any CPU
		{9358BA91-B376-43E4-A01F-9ED61E3454EC}.Release|Any CPU.Build.0 = Release|Any CPU
		{522DA665-96C4-49B3-B3B0-82F5D6856371}.Debug|Any CPU.ActiveCfg = Debug|Any CPU
		{522DA665-96C4-49B3-B3B0-82F5D6856371}.Debug|Any CPU.Build.0 = Debug|Any CPU
		{522DA665-96C4-49B3-B3B0-82F5D6856371}.Release|Any CPU.ActiveCfg = Release|Any CPU
		{522DA665-96C4-49B3-B3B0-82F5D6856371}.Release|Any CPU.Build.0 = Release|Any CPU
		{A65BEE44-674F-4C11-952A-B9E5EA9862BD}.Debug|Any CPU.ActiveCfg = Debug|Any CPU
		{A65BEE44-674F-4C11-952A-B9E5EA9862BD}.Debug|Any CPU.Build.0 = Debug|Any CPU
		{A65BEE44-674F-4C11-952A-B9E5EA9862BD}.Release|Any CPU.ActiveCfg = Release|Any CPU
		{A65BEE44-674F-4C11-952A-B9E5EA9862BD}.Release|Any CPU.Build.0 = Release|Any CPU
		{6DDF420A-C129-4FD9-BA52-EDCEFEFEF56E}.Debug|Any CPU.ActiveCfg = Debug|Any CPU
		{6DDF420A-C129-4FD9-BA52-EDCEFEFEF56E}.Debug|Any CPU.Build.0 = Debug|Any CPU
		{6DDF420A-C129-4FD9-BA52-EDCEFEFEF56E}.Release|Any CPU.ActiveCfg = Release|Any CPU
		{6DDF420A-C129-4FD9-BA52-EDCEFEFEF56E}.Release|Any CPU.Build.0 = Release|Any CPU
		{1E3234E5-71DC-4A6A-B2CA-3A345E50884B}.Debug|Any CPU.ActiveCfg = Debug|Any CPU
		{1E3234E5-71DC-4A6A-B2CA-3A345E50884B}.Debug|Any CPU.Build.0 = Debug|Any CPU
		{1E3234E5-71DC-4A6A-B2CA-3A345E50884B}.Release|Any CPU.ActiveCfg = Release|Any CPU
		{1E3234E5-71DC-4A6A-B2CA-3A345E50884B}.Release|Any CPU.Build.0 = Release|Any CPU
		{B9A27FD0-CD9E-42BC-872A-903A7FA5A4F8}.Debug|Any CPU.ActiveCfg = Debug|Any CPU
		{B9A27FD0-CD9E-42BC-872A-903A7FA5A4F8}.Debug|Any CPU.Build.0 = Debug|Any CPU
		{B9A27FD0-CD9E-42BC-872A-903A7FA5A4F8}.Release|Any CPU.ActiveCfg = Release|Any CPU
		{B9A27FD0-CD9E-42BC-872A-903A7FA5A4F8}.Release|Any CPU.Build.0 = Release|Any CPU
		{37EA9BCB-C445-4EC5-9867-1D57B0CB587E}.Debug|Any CPU.ActiveCfg = Debug|Any CPU
		{37EA9BCB-C445-4EC5-9867-1D57B0CB587E}.Debug|Any CPU.Build.0 = Debug|Any CPU
		{37EA9BCB-C445-4EC5-9867-1D57B0CB587E}.Release|Any CPU.ActiveCfg = Release|Any CPU
		{37EA9BCB-C445-4EC5-9867-1D57B0CB587E}.Release|Any CPU.Build.0 = Release|Any CPU
		{C0DCA926-3532-4B10-A2EA-6F1D25503451}.Debug|Any CPU.ActiveCfg = Debug|Any CPU
		{C0DCA926-3532-4B10-A2EA-6F1D25503451}.Debug|Any CPU.Build.0 = Debug|Any CPU
		{C0DCA926-3532-4B10-A2EA-6F1D25503451}.Release|Any CPU.ActiveCfg = Release|Any CPU
		{C0DCA926-3532-4B10-A2EA-6F1D25503451}.Release|Any CPU.Build.0 = Release|Any CPU
		{64F03C19-1B74-42BD-80EA-08C38E20BAFB}.Debug|Any CPU.ActiveCfg = Debug|Any CPU
		{64F03C19-1B74-42BD-80EA-08C38E20BAFB}.Debug|Any CPU.Build.0 = Debug|Any CPU
		{64F03C19-1B74-42BD-80EA-08C38E20BAFB}.Release|Any CPU.ActiveCfg = Release|Any CPU
		{64F03C19-1B74-42BD-80EA-08C38E20BAFB}.Release|Any CPU.Build.0 = Release|Any CPU
		{C8DD0B2F-06A1-4BAA-8B5A-537E9B6B935F}.Debug|Any CPU.ActiveCfg = Debug|Any CPU
		{C8DD0B2F-06A1-4BAA-8B5A-537E9B6B935F}.Debug|Any CPU.Build.0 = Debug|Any CPU
		{C8DD0B2F-06A1-4BAA-8B5A-537E9B6B935F}.Release|Any CPU.ActiveCfg = Release|Any CPU
		{C8DD0B2F-06A1-4BAA-8B5A-537E9B6B935F}.Release|Any CPU.Build.0 = Release|Any CPU
		{DE4A54EA-511D-4D82-9031-078B8D959535}.Debug|Any CPU.ActiveCfg = Debug|Any CPU
		{DE4A54EA-511D-4D82-9031-078B8D959535}.Debug|Any CPU.Build.0 = Debug|Any CPU
		{DE4A54EA-511D-4D82-9031-078B8D959535}.Release|Any CPU.ActiveCfg = Release|Any CPU
		{DE4A54EA-511D-4D82-9031-078B8D959535}.Release|Any CPU.Build.0 = Release|Any CPU
		{7819843F-357C-45EE-984E-7116CA175016}.Debug|Any CPU.ActiveCfg = Debug|Any CPU
		{7819843F-357C-45EE-984E-7116CA175016}.Debug|Any CPU.Build.0 = Debug|Any CPU
		{7819843F-357C-45EE-984E-7116CA175016}.Release|Any CPU.ActiveCfg = Release|Any CPU
		{7819843F-357C-45EE-984E-7116CA175016}.Release|Any CPU.Build.0 = Release|Any CPU
		{205360DB-B57B-45C1-9654-1954F4153A13}.Debug|Any CPU.ActiveCfg = Debug|Any CPU
		{205360DB-B57B-45C1-9654-1954F4153A13}.Debug|Any CPU.Build.0 = Debug|Any CPU
		{205360DB-B57B-45C1-9654-1954F4153A13}.Release|Any CPU.ActiveCfg = Release|Any CPU
		{205360DB-B57B-45C1-9654-1954F4153A13}.Release|Any CPU.Build.0 = Release|Any CPU
		{20204A07-C96F-479C-B51B-17C0C21ED573}.Debug|Any CPU.ActiveCfg = Debug|Any CPU
		{20204A07-C96F-479C-B51B-17C0C21ED573}.Debug|Any CPU.Build.0 = Debug|Any CPU
		{20204A07-C96F-479C-B51B-17C0C21ED573}.Release|Any CPU.ActiveCfg = Release|Any CPU
		{20204A07-C96F-479C-B51B-17C0C21ED573}.Release|Any CPU.Build.0 = Release|Any CPU
		{40CBC9F7-C847-4A3A-BDCA-A41F21D06D24}.Debug|Any CPU.ActiveCfg = Debug|Any CPU
		{40CBC9F7-C847-4A3A-BDCA-A41F21D06D24}.Debug|Any CPU.Build.0 = Debug|Any CPU
		{40CBC9F7-C847-4A3A-BDCA-A41F21D06D24}.Release|Any CPU.ActiveCfg = Release|Any CPU
		{40CBC9F7-C847-4A3A-BDCA-A41F21D06D24}.Release|Any CPU.Build.0 = Release|Any CPU
		{C96BC17F-D266-4506-A692-C70A977B49DE}.Debug|Any CPU.ActiveCfg = Debug|Any CPU
		{C96BC17F-D266-4506-A692-C70A977B49DE}.Debug|Any CPU.Build.0 = Debug|Any CPU
		{C96BC17F-D266-4506-A692-C70A977B49DE}.Release|Any CPU.ActiveCfg = Release|Any CPU
		{C96BC17F-D266-4506-A692-C70A977B49DE}.Release|Any CPU.Build.0 = Release|Any CPU
		{42864804-8441-4750-A8B0-833C4425EC33}.Debug|Any CPU.ActiveCfg = Debug|Any CPU
		{42864804-8441-4750-A8B0-833C4425EC33}.Debug|Any CPU.Build.0 = Debug|Any CPU
		{42864804-8441-4750-A8B0-833C4425EC33}.Release|Any CPU.ActiveCfg = Release|Any CPU
		{42864804-8441-4750-A8B0-833C4425EC33}.Release|Any CPU.Build.0 = Release|Any CPU
		{8A9D8ADA-9D16-4E73-A94A-E25EA99C457A}.Debug|Any CPU.ActiveCfg = Debug|Any CPU
		{8A9D8ADA-9D16-4E73-A94A-E25EA99C457A}.Debug|Any CPU.Build.0 = Debug|Any CPU
		{8A9D8ADA-9D16-4E73-A94A-E25EA99C457A}.Release|Any CPU.ActiveCfg = Release|Any CPU
		{8A9D8ADA-9D16-4E73-A94A-E25EA99C457A}.Release|Any CPU.Build.0 = Release|Any CPU
		{986D15E8-B855-4FB9-9984-B450ABE63D2C}.Debug|Any CPU.ActiveCfg = Debug|Any CPU
		{986D15E8-B855-4FB9-9984-B450ABE63D2C}.Debug|Any CPU.Build.0 = Debug|Any CPU
		{986D15E8-B855-4FB9-9984-B450ABE63D2C}.Release|Any CPU.ActiveCfg = Release|Any CPU
		{986D15E8-B855-4FB9-9984-B450ABE63D2C}.Release|Any CPU.Build.0 = Release|Any CPU
		{8C2029B3-6FE4-45D1-A56B-3C3FC895C437}.Debug|Any CPU.ActiveCfg = Debug|Any CPU
		{8C2029B3-6FE4-45D1-A56B-3C3FC895C437}.Debug|Any CPU.Build.0 = Debug|Any CPU
		{8C2029B3-6FE4-45D1-A56B-3C3FC895C437}.Release|Any CPU.ActiveCfg = Release|Any CPU
		{8C2029B3-6FE4-45D1-A56B-3C3FC895C437}.Release|Any CPU.Build.0 = Release|Any CPU
	EndGlobalSection
	GlobalSection(SolutionProperties) = preSolution
		HideSolutionNode = FALSE
	EndGlobalSection
EndGlobal
