
Microsoft Visual Studio Solution File, Format Version 12.00
# Visual Studio 14
VisualStudioVersion = 14.0.25420.1
MinimumVisualStudioVersion = 10.0.40219.1
Project("{FAE04EC0-301F-11D3-BF4B-00C04F79EFBC}") = "02.01.FillTheMatrix", "FillTheMatrix\02.01.FillTheMatrix.csproj", "{FBD443C6-4AB2-4CE6-AE1B-5192A7C8B972}"
EndProject
Project("{FAE04EC0-301F-11D3-BF4B-00C04F79EFBC}") = "02.02.MaximalSum", "MaximalSum\02.02.MaximalSum.csproj", "{4DB78F37-35B1-4725-A092-ECC18196C7F0}"
EndProject
Project("{FAE04EC0-301F-11D3-BF4B-00C04F79EFBC}") = "02.03.SequenceInMatrix", "SequenceInMatrix\02.03.SequenceInMatrix.csproj", "{C86A17C8-FB68-4218-8B5D-38E17ACF9C9A}"
EndProject
Project("{FAE04EC0-301F-11D3-BF4B-00C04F79EFBC}") = "02.04.LargestAreaInMatrix", "LargestAreaInMatrix\02.04.LargestAreaInMatrix.csproj", "{3C13C002-14DE-4076-8F14-691BCC71B084}"
EndProject
Global
	GlobalSection(SolutionConfigurationPlatforms) = preSolution
		Debug|Any CPU = Debug|Any CPU
		Release|Any CPU = Release|Any CPU
	EndGlobalSection
	GlobalSection(ProjectConfigurationPlatforms) = postSolution
		{FBD443C6-4AB2-4CE6-AE1B-5192A7C8B972}.Debug|Any CPU.ActiveCfg = Debug|Any CPU
		{FBD443C6-4AB2-4CE6-AE1B-5192A7C8B972}.Debug|Any CPU.Build.0 = Debug|Any CPU
		{FBD443C6-4AB2-4CE6-AE1B-5192A7C8B972}.Release|Any CPU.ActiveCfg = Release|Any CPU
		{FBD443C6-4AB2-4CE6-AE1B-5192A7C8B972}.Release|Any CPU.Build.0 = Release|Any CPU
		{4DB78F37-35B1-4725-A092-ECC18196C7F0}.Debug|Any CPU.ActiveCfg = Debug|Any CPU
		{4DB78F37-35B1-4725-A092-ECC18196C7F0}.Debug|Any CPU.Build.0 = Debug|Any CPU
		{4DB78F37-35B1-4725-A092-ECC18196C7F0}.Release|Any CPU.ActiveCfg = Release|Any CPU
		{4DB78F37-35B1-4725-A092-ECC18196C7F0}.Release|Any CPU.Build.0 = Release|Any CPU
		{C86A17C8-FB68-4218-8B5D-38E17ACF9C9A}.Debug|Any CPU.ActiveCfg = Debug|Any CPU
		{C86A17C8-FB68-4218-8B5D-38E17ACF9C9A}.Debug|Any CPU.Build.0 = Debug|Any CPU
		{C86A17C8-FB68-4218-8B5D-38E17ACF9C9A}.Release|Any CPU.ActiveCfg = Release|Any CPU
		{C86A17C8-FB68-4218-8B5D-38E17ACF9C9A}.Release|Any CPU.Build.0 = Release|Any CPU
		{3C13C002-14DE-4076-8F14-691BCC71B084}.Debug|Any CPU.ActiveCfg = Debug|Any CPU
		{3C13C002-14DE-4076-8F14-691BCC71B084}.Debug|Any CPU.Build.0 = Debug|Any CPU
		{3C13C002-14DE-4076-8F14-691BCC71B084}.Release|Any CPU.ActiveCfg = Release|Any CPU
		{3C13C002-14DE-4076-8F14-691BCC71B084}.Release|Any CPU.Build.0 = Release|Any CPU
	EndGlobalSection
	GlobalSection(SolutionProperties) = preSolution
		HideSolutionNode = FALSE
	EndGlobalSection
EndGlobal
